<?xml version="1.0" encoding="utf-8"?>
<Project ToolsVersion="4.0" xmlns="http://schemas.microsoft.com/developer/msbuild/2003">
  <ItemGroup>
    <Filter Include="Main">
      <UniqueIdentifier>{7ccfa41b-9168-4fbb-b41e-ff0bd12ef009}</UniqueIdentifier>
    </Filter>
    <Filter Include="Net">
      <UniqueIdentifier>{ca120f20-7b64-484b-934b-ac248418f8de}</UniqueIdentifier>
    </Filter>
    <Filter Include="Platform">
      <UniqueIdentifier>{4102d11a-3960-43e5-8b6b-5c0c2b8b520a}</UniqueIdentifier>
    </Filter>
    <Filter Include="Singleton">
      <UniqueIdentifier>{ff7828b6-b937-4e02-bd3e-1bfe2ba39c02}</UniqueIdentifier>
    </Filter>
    <Filter Include="Thread">
      <UniqueIdentifier>{c853580b-0005-4586-871a-f2a133cc0f6e}</UniqueIdentifier>
    </Filter>
  </ItemGroup>
  <ItemGroup>
    <ClCompile Include="Main\Main.cpp">
      <Filter>Main</Filter>
    </ClCompile>
    <ClCompile Include="Net\Connection.cpp">
      <Filter>Net</Filter>
    </ClCompile>
    <ClCompile Include="Net\Server.cpp">
      <Filter>Net</Filter>
    </ClCompile>
    <ClCompile Include="Thread\Thread.cpp">
      <Filter>Thread</Filter>
    </ClCompile>
  </ItemGroup>
  <ItemGroup>
    <ClInclude Include="Net\Connection.h">
      <Filter>Net</Filter>
    </ClInclude>
    <ClInclude Include="Net\NetDefine.h">
      <Filter>Net</Filter>
    </ClInclude>
    <ClInclude Include="Net\Server.h">
      <Filter>Net</Filter>
    </ClInclude>
    <ClInclude Include="Thread\Thread.h">
      <Filter>Thread</Filter>
    </ClInclude>
    <ClInclude Include="Thread\ThreadDefine.h">
      <Filter>Thread</Filter>
    </ClInclude>
    <ClInclude Include="Singleton\Singleton.h">
      <Filter>Singleton</Filter>
    </ClInclude>
    <ClInclude Include="Platform\Platform.h">
      <Filter>Platform</Filter>
    </ClInclude>
  </ItemGroup>
</Project>